
Microsoft Visual Studio Solution File, Format Version 12.00
# Visual Studio Version 16
VisualStudioVersion = 16.0.30711.63
MinimumVisualStudioVersion = 10.0.40219.1
Project("{FAE04EC0-301F-11D3-BF4B-00C04F79EFBC}") = "Driv.CustomApis.Code", "Driv.CustomApis.Code\Driv.CustomApis.Code.csproj", "{AAAA2641-4354-4345-BBBD-2C3ECE391736}"
EndProject
Project("{FAE04EC0-301F-11D3-BF4B-00C04F79EFBC}") = "Driv.CustomApis.Tests", "Driv.CustomApis.Tests\Driv.CustomApis.Tests.csproj", "{41C7FD01-00C5-4D26-90FF-DF1C080EF67E}"
EndProject
Project("{E24C65DC-7377-472B-9ABA-BC803B73C61A}") = "Driv.CustomApis.Solution", "Driv.CustomApis.Solution\", "{9F2ECC89-CC50-4DBD-960D-75AEEFF9559C}"
	ProjectSection(WebsiteProperties) = preProject
		TargetFrameworkMoniker = ".NETFramework,Version%3Dv4.0"
		Debug.AspNetCompiler.VirtualPath = "/localhost_16607"
		Debug.AspNetCompiler.PhysicalPath = "Driv.CustomApis.Solution\"
		Debug.AspNetCompiler.TargetPath = "PrecompiledWeb\localhost_16607\"
		Debug.AspNetCompiler.Updateable = "true"
		Debug.AspNetCompiler.ForceOverwrite = "true"
		Debug.AspNetCompiler.FixedNames = "false"
		Debug.AspNetCompiler.Debug = "True"
		Release.AspNetCompiler.VirtualPath = "/localhost_16607"
		Release.AspNetCompiler.PhysicalPath = "Driv.CustomApis.Solution\"
		Release.AspNetCompiler.TargetPath = "PrecompiledWeb\localhost_16607\"
		Release.AspNetCompiler.Updateable = "true"
		Release.AspNetCompiler.ForceOverwrite = "true"
		Release.AspNetCompiler.FixedNames = "false"
		Release.AspNetCompiler.Debug = "False"
		VWDPort = "16607"
		SlnRelativePath = "Driv.CustomApis.Solution\"
	EndProjectSection
EndProject
Project("{FAE04EC0-301F-11D3-BF4B-00C04F79EFBC}") = "Driv.CustomApis.Entities", "Driv.CustomApis.Entities\Driv.CustomApis.Entities.csproj", "{BDA5856E-C9A7-4EE4-A934-27B484AAF8CF}"
EndProject
Global
	GlobalSection(SolutionConfigurationPlatforms) = preSolution
		Debug|Any CPU = Debug|Any CPU
		Release|Any CPU = Release|Any CPU
	EndGlobalSection
	GlobalSection(ProjectConfigurationPlatforms) = postSolution
		{AAAA2641-4354-4345-BBBD-2C3ECE391736}.Debug|Any CPU.ActiveCfg = Debug|Any CPU
		{AAAA2641-4354-4345-BBBD-2C3ECE391736}.Debug|Any CPU.Build.0 = Debug|Any CPU
		{AAAA2641-4354-4345-BBBD-2C3ECE391736}.Release|Any CPU.ActiveCfg = Release|Any CPU
		{AAAA2641-4354-4345-BBBD-2C3ECE391736}.Release|Any CPU.Build.0 = Release|Any CPU
		{41C7FD01-00C5-4D26-90FF-DF1C080EF67E}.Debug|Any CPU.ActiveCfg = Debug|Any CPU
		{41C7FD01-00C5-4D26-90FF-DF1C080EF67E}.Debug|Any CPU.Build.0 = Debug|Any CPU
		{41C7FD01-00C5-4D26-90FF-DF1C080EF67E}.Release|Any CPU.ActiveCfg = Release|Any CPU
		{41C7FD01-00C5-4D26-90FF-DF1C080EF67E}.Release|Any CPU.Build.0 = Release|Any CPU
		{9F2ECC89-CC50-4DBD-960D-75AEEFF9559C}.Debug|Any CPU.ActiveCfg = Debug|Any CPU
		{9F2ECC89-CC50-4DBD-960D-75AEEFF9559C}.Debug|Any CPU.Build.0 = Debug|Any CPU
		{9F2ECC89-CC50-4DBD-960D-75AEEFF9559C}.Release|Any CPU.ActiveCfg = Debug|Any CPU
		{9F2ECC89-CC50-4DBD-960D-75AEEFF9559C}.Release|Any CPU.Build.0 = Debug|Any CPU
		{BDA5856E-C9A7-4EE4-A934-27B484AAF8CF}.Debug|Any CPU.ActiveCfg = Debug|Any CPU
		{BDA5856E-C9A7-4EE4-A934-27B484AAF8CF}.Debug|Any CPU.Build.0 = Debug|Any CPU
		{BDA5856E-C9A7-4EE4-A934-27B484AAF8CF}.Release|Any CPU.ActiveCfg = Release|Any CPU
		{BDA5856E-C9A7-4EE4-A934-27B484AAF8CF}.Release|Any CPU.Build.0 = Release|Any CPU
	EndGlobalSection
	GlobalSection(SolutionProperties) = preSolution
		HideSolutionNode = FALSE
	EndGlobalSection
	GlobalSection(ExtensibilityGlobals) = postSolution
		SolutionGuid = {BF43F47E-DCCD-42A4-BC5A-4A5112FA10C4}
	EndGlobalSection
EndGlobal
